// !$*UTF8*$!
{
	archiveVersion = 1;
	classes = {
	};
	objectVersion = 50;
	objects = {

/* Begin PBXBuildFile section */
		494250AC20B4CF79006F6FF1 /* UILabel+animations.swift in Sources */ = {isa = PBXBuildFile; fileRef = 494250AB20B4CF79006F6FF1 /* UILabel+animations.swift */; };
		494250AE20B4D52A006F6FF1 /* ToDoTableViewController.swift in Sources */ = {isa = PBXBuildFile; fileRef = 494250AD20B4D52A006F6FF1 /* ToDoTableViewController.swift */; };
		494DE38C20A2514A009A3D66 /* AppDelegate.swift in Sources */ = {isa = PBXBuildFile; fileRef = 494DE38B20A2514A009A3D66 /* AppDelegate.swift */; };
		494DE38E20A2514A009A3D66 /* ViewController.swift in Sources */ = {isa = PBXBuildFile; fileRef = 494DE38D20A2514A009A3D66 /* ViewController.swift */; };
		494DE39120A2514A009A3D66 /* Main.storyboard in Resources */ = {isa = PBXBuildFile; fileRef = 494DE38F20A2514A009A3D66 /* Main.storyboard */; };
		494DE39320A2514C009A3D66 /* Assets.xcassets in Resources */ = {isa = PBXBuildFile; fileRef = 494DE39220A2514C009A3D66 /* Assets.xcassets */; };
		494DE39620A2514D009A3D66 /* LaunchScreen.storyboard in Resources */ = {isa = PBXBuildFile; fileRef = 494DE39420A2514D009A3D66 /* LaunchScreen.storyboard */; };
		494DE3A020A251F7009A3D66 /* SlideInView.swift in Sources */ = {isa = PBXBuildFile; fileRef = 494DE39F20A251F7009A3D66 /* SlideInView.swift */; };
		498BD16920A3682800B0C6D8 /* loadingView.swift in Sources */ = {isa = PBXBuildFile; fileRef = 498BD16820A3682800B0C6D8 /* loadingView.swift */; };
		498BD16B20A37BFE00B0C6D8 /* SplashScreenView.swift in Sources */ = {isa = PBXBuildFile; fileRef = 498BD16A20A37BFE00B0C6D8 /* SplashScreenView.swift */; };
		498BD16D20A40B8A00B0C6D8 /* HamburgerMenuView.swift in Sources */ = {isa = PBXBuildFile; fileRef = 498BD16C20A40B8A00B0C6D8 /* HamburgerMenuView.swift */; };
/* End PBXBuildFile section */

/* Begin PBXFileReference section */
		494250AB20B4CF79006F6FF1 /* UILabel+animations.swift */ = {isa = PBXFileReference; lastKnownFileType = sourcecode.swift; path = "UILabel+animations.swift"; sourceTree = "<group>"; };
		494250AD20B4D52A006F6FF1 /* ToDoTableViewController.swift */ = {isa = PBXFileReference; lastKnownFileType = sourcecode.swift; path = ToDoTableViewController.swift; sourceTree = "<group>"; };
		494DE38820A2514A009A3D66 /* animationChallenges.app */ = {isa = PBXFileReference; explicitFileType = wrapper.application; includeInIndex = 0; path = animationChallenges.app; sourceTree = BUILT_PRODUCTS_DIR; };
		494DE38B20A2514A009A3D66 /* AppDelegate.swift */ = {isa = PBXFileReference; lastKnownFileType = sourcecode.swift; path = AppDelegate.swift; sourceTree = "<group>"; };
		494DE38D20A2514A009A3D66 /* ViewController.swift */ = {isa = PBXFileReference; lastKnownFileType = sourcecode.swift; path = ViewController.swift; sourceTree = "<group>"; };
		494DE39020A2514A009A3D66 /* Base */ = {isa = PBXFileReference; lastKnownFileType = file.storyboard; name = Base; path = Base.lproj/Main.storyboard; sourceTree = "<group>"; };
		494DE39220A2514C009A3D66 /* Assets.xcassets */ = {isa = PBXFileReference; lastKnownFileType = folder.assetcatalog; path = Assets.xcassets; sourceTree = "<group>"; };
		494DE39520A2514D009A3D66 /* Base */ = {isa = PBXFileReference; lastKnownFileType = file.storyboard; name = Base; path = Base.lproj/LaunchScreen.storyboard; sourceTree = "<group>"; };
		494DE39720A2514D009A3D66 /* Info.plist */ = {isa = PBXFileReference; lastKnownFileType = text.plist.xml; path = Info.plist; sourceTree = "<group>"; };
		494DE39F20A251F7009A3D66 /* SlideInView.swift */ = {isa = PBXFileReference; lastKnownFileType = sourcecode.swift; path = SlideInView.swift; sourceTree = "<group>"; };
		498BD16820A3682800B0C6D8 /* loadingView.swift */ = {isa = PBXFileReference; lastKnownFileType = sourcecode.swift; path = loadingView.swift; sourceTree = "<group>"; };
		498BD16A20A37BFE00B0C6D8 /* SplashScreenView.swift */ = {isa = PBXFileReference; lastKnownFileType = sourcecode.swift; path = SplashScreenView.swift; sourceTree = "<group>"; };
		498BD16C20A40B8A00B0C6D8 /* HamburgerMenuView.swift */ = {isa = PBXFileReference; lastKnownFileType = sourcecode.swift; path = HamburgerMenuView.swift; sourceTree = "<group>"; };
/* End PBXFileReference section */

/* Begin PBXFrameworksBuildPhase section */
		494DE38520A2514A009A3D66 /* Frameworks */ = {
			isa = PBXFrameworksBuildPhase;
			buildActionMask = 2147483647;
			files = (
			);
			runOnlyForDeploymentPostprocessing = 0;
		};
/* End PBXFrameworksBuildPhase section */

/* Begin PBXGroup section */
		494DE37F20A2514A009A3D66 = {
			isa = PBXGroup;
			children = (
				494DE38A20A2514A009A3D66 /* animationChallenges */,
				494DE38920A2514A009A3D66 /* Products */,
			);
			sourceTree = "<group>";
		};
		494DE38920A2514A009A3D66 /* Products */ = {
			isa = PBXGroup;
			children = (
				494DE38820A2514A009A3D66 /* animationChallenges.app */,
			);
			name = Products;
			sourceTree = "<group>";
		};
		494DE38A20A2514A009A3D66 /* animationChallenges */ = {
			isa = PBXGroup;
			children = (
				494DE39F20A251F7009A3D66 /* SlideInView.swift */,
				494DE38B20A2514A009A3D66 /* AppDelegate.swift */,
				494DE38D20A2514A009A3D66 /* ViewController.swift */,
				498BD16C20A40B8A00B0C6D8 /* HamburgerMenuView.swift */,
				498BD16A20A37BFE00B0C6D8 /* SplashScreenView.swift */,
				498BD16820A3682800B0C6D8 /* loadingView.swift */,
				494250AB20B4CF79006F6FF1 /* UILabel+animations.swift */,
				494DE38F20A2514A009A3D66 /* Main.storyboard */,
				494250AD20B4D52A006F6FF1 /* ToDoTableViewController.swift */,
				494DE39220A2514C009A3D66 /* Assets.xcassets */,
				494DE39420A2514D009A3D66 /* LaunchScreen.storyboard */,
				494DE39720A2514D009A3D66 /* Info.plist */,
			);
			path = animationChallenges;
			sourceTree = "<group>";
		};
/* End PBXGroup section */

/* Begin PBXNativeTarget section */
		494DE38720A2514A009A3D66 /* animationChallenges */ = {
			isa = PBXNativeTarget;
			buildConfigurationList = 494DE39A20A2514D009A3D66 /* Build configuration list for PBXNativeTarget "animationChallenges" */;
			buildPhases = (
				494DE38420A2514A009A3D66 /* Sources */,
				494DE38520A2514A009A3D66 /* Frameworks */,
				494DE38620A2514A009A3D66 /* Resources */,
			);
			buildRules = (
			);
			dependencies = (
			);
			name = animationChallenges;
			productName = animationChallenges;
			productReference = 494DE38820A2514A009A3D66 /* animationChallenges.app */;
			productType = "com.apple.product-type.application";
		};
/* End PBXNativeTarget section */

/* Begin PBXProject section */
		494DE38020A2514A009A3D66 /* Project object */ = {
			isa = PBXProject;
			attributes = {
				LastSwiftUpdateCheck = 0930;
				LastUpgradeCheck = 0930;
				ORGANIZATIONNAME = "Andrew Tsukuda";
				TargetAttributes = {
					494DE38720A2514A009A3D66 = {
						CreatedOnToolsVersion = 9.3;
					};
				};
			};
			buildConfigurationList = 494DE38320A2514A009A3D66 /* Build configuration list for PBXProject "animationChallenges" */;
			compatibilityVersion = "Xcode 9.3";
			developmentRegion = en;
			hasScannedForEncodings = 0;
			knownRegions = (
				en,
				Base,
			);
			mainGroup = 494DE37F20A2514A009A3D66;
			productRefGroup = 494DE38920A2514A009A3D66 /* Products */;
			projectDirPath = "";
			projectRoot = "";
			targets = (
				494DE38720A2514A009A3D66 /* animationChallenges */,
			);
		};
/* End PBXProject section */

/* Begin PBXResourcesBuildPhase section */
		494DE38620A2514A009A3D66 /* Resources */ = {
			isa = PBXResourcesBuildPhase;
			buildActionMask = 2147483647;
			files = (
				494DE39620A2514D009A3D66 /* LaunchScreen.storyboard in Resources */,
				494DE39320A2514C009A3D66 /* Assets.xcassets in Resources */,
				494DE39120A2514A009A3D66 /* Main.storyboard in Resources */,
			);
			runOnlyForDeploymentPostprocessing = 0;
		};
/* End PBXResourcesBuildPhase section */

/* Begin PBXSourcesBuildPhase section */
		494DE38420A2514A009A3D66 /* Sources */ = {
			isa = PBXSourcesBuildPhase;
			buildActionMask = 2147483647;
			files = (
				494DE38E20A2514A009A3D66 /* ViewController.swift in Sources */,
				498BD16D20A40B8A00B0C6D8 /* HamburgerMenuView.swift in Sources */,
				498BD16920A3682800B0C6D8 /* loadingView.swift in Sources */,
				498BD16B20A37BFE00B0C6D8 /* SplashScreenView.swift in Sources */,
				494DE3A020A251F7009A3D66 /* SlideInView.swift in Sources */,
				494250AE20B4D52A006F6FF1 /* ToDoTableViewController.swift in Sources */,
				494250AC20B4CF79006F6FF1 /* UILabel+animations.swift in Sources */,
				494DE38C20A2514A009A3D66 /* AppDelegate.swift in Sources */,
			);
			runOnlyForDeploymentPostprocessing = 0;
		};
/* End PBXSourcesBuildPhase section */

/* Begin PBXVariantGroup section */
		494DE38F20A2514A009A3D66 /* Main.storyboard */ = {
			isa = PBXVariantGroup;
			children = (
				494DE39020A2514A009A3D66 /* Base */,
			);
			name = Main.storyboard;
			sourceTree = "<group>";
		};
		494DE39420A2514D009A3D66 /* LaunchScreen.storyboard */ = {
			isa = PBXVariantGroup;
			children = (
				494DE39520A2514D009A3D66 /* Base */,
			);
			name = LaunchScreen.storyboard;
			sourceTree = "<group>";
		};
/* End PBXVariantGroup section */

/* Begin XCBuildConfiguration section */
		494DE39820A2514D009A3D66 /* Debug */ = {
			isa = XCBuildConfiguration;
			buildSettings = {
				ALWAYS_SEARCH_USER_PATHS = NO;
				CLANG_ANALYZER_NONNULL = YES;
				CLANG_ANALYZER_NUMBER_OBJECT_CONVERSION = YES_AGGRESSIVE;
				CLANG_CXX_LANGUAGE_STANDARD = "gnu++14";
				CLANG_CXX_LIBRARY = "libc++";
				CLANG_ENABLE_MODULES = YES;
				CLANG_ENABLE_OBJC_ARC = YES;
				CLANG_ENABLE_OBJC_WEAK = YES;
				CLANG_WARN_BLOCK_CAPTURE_AUTORELEASING = YES;
				CLANG_WARN_BOOL_CONVERSION = YES;
				CLANG_WARN_COMMA = YES;
				CLANG_WARN_CONSTANT_CONVERSION = YES;
				CLANG_WARN_DEPRECATED_OBJC_IMPLEMENTATIONS = YES;
				CLANG_WARN_DIRECT_OBJC_ISA_USAGE = YES_ERROR;
				CLANG_WARN_DOCUMENTATION_COMMENTS = YES;
				CLANG_WARN_EMPTY_BODY = YES;
				CLANG_WARN_ENUM_CONVERSION = YES;
				CLANG_WARN_INFINITE_RECURSION = YES;
				CLANG_WARN_INT_CONVERSION = YES;
				CLANG_WARN_NON_LITERAL_NULL_CONVERSION = YES;
				CLANG_WARN_OBJC_IMPLICIT_RETAIN_SELF = YES;
				CLANG_WARN_OBJC_LITERAL_CONVERSION = YES;
				CLANG_WARN_OBJC_ROOT_CLASS = YES_ERROR;
				CLANG_WARN_RANGE_LOOP_ANALYSIS = YES;
				CLANG_WARN_STRICT_PROTOTYPES = YES;
				CLANG_WARN_SUSPICIOUS_MOVE = YES;
				CLANG_WARN_UNGUARDED_AVAILABILITY = YES_AGGRESSIVE;
				CLANG_WARN_UNREACHABLE_CODE = YES;
				CLANG_WARN__DUPLICATE_METHOD_MATCH = YES;
				CODE_SIGN_IDENTITY = "iPhone Developer";
				COPY_PHASE_STRIP = NO;
				DEBUG_INFORMATION_FORMAT = dwarf;
				ENABLE_STRICT_OBJC_MSGSEND = YES;
				ENABLE_TESTABILITY = YES;
				GCC_C_LANGUAGE_STANDARD = gnu11;
				GCC_DYNAMIC_NO_PIC = NO;
				GCC_NO_COMMON_BLOCKS = YES;
				GCC_OPTIMIZATION_LEVEL = 0;
				GCC_PREPROCESSOR_DEFINITIONS = (
					"DEBUG=1",
					"$(inherited)",
				);
				GCC_WARN_64_TO_32_BIT_CONVERSION = YES;
				GCC_WARN_ABOUT_RETURN_TYPE = YES_ERROR;
				GCC_WARN_UNDECLARED_SELECTOR = YES;
				GCC_WARN_UNINITIALIZED_AUTOS = YES_AGGRESSIVE;
				GCC_WARN_UNUSED_FUNCTION = YES;
				GCC_WARN_UNUSED_VARIABLE = YES;
				IPHONEOS_DEPLOYMENT_TARGET = 11.3;
				MTL_ENABLE_DEBUG_INFO = YES;
				ONLY_ACTIVE_ARCH = YES;
				SDKROOT = iphoneos;
				SWIFT_ACTIVE_COMPILATION_CONDITIONS = DEBUG;
				SWIFT_OPTIMIZATION_LEVEL = "-Onone";
			};
			name = Debug;
		};
		494DE39920A2514D009A3D66 /* Release */ = {
			isa = XCBuildConfiguration;
			buildSettings = {
				ALWAYS_SEARCH_USER_PATHS = NO;
				CLANG_ANALYZER_NONNULL = YES;
				CLANG_ANALYZER_NUMBER_OBJECT_CONVERSION = YES_AGGRESSIVE;
				CLANG_CXX_LANGUAGE_STANDARD = "gnu++14";
				CLANG_CXX_LIBRARY = "libc++";
				CLANG_ENABLE_MODULES = YES;
				CLANG_ENABLE_OBJC_ARC = YES;
				CLANG_ENABLE_OBJC_WEAK = YES;
				CLANG_WARN_BLOCK_CAPTURE_AUTORELEASING = YES;
				CLANG_WARN_BOOL_CONVERSION = YES;
				CLANG_WARN_COMMA = YES;
				CLANG_WARN_CONSTANT_CONVERSION = YES;
				CLANG_WARN_DEPRECATED_OBJC_IMPLEMENTATIONS = YES;
				CLANG_WARN_DIRECT_OBJC_ISA_USAGE = YES_ERROR;
				CLANG_WARN_DOCUMENTATION_COMMENTS = YES;
				CLANG_WARN_EMPTY_BODY = YES;
				CLANG_WARN_ENUM_CONVERSION = YES;
				CLANG_WARN_INFINITE_RECURSION = YES;
				CLANG_WARN_INT_CONVERSION = YES;
				CLANG_WARN_NON_LITERAL_NULL_CONVERSION = YES;
				CLANG_WARN_OBJC_IMPLICIT_RETAIN_SELF = YES;
				CLANG_WARN_OBJC_LITERAL_CONVERSION = YES;
				CLANG_WARN_OBJC_ROOT_CLASS = YES_ERROR;
				CLANG_WARN_RANGE_LOOP_ANALYSIS = YES;
				CLANG_WARN_STRICT_PROTOTYPES = YES;
				CLANG_WARN_SUSPICIOUS_MOVE = YES;
				CLANG_WARN_UNGUARDED_AVAILABILITY = YES_AGGRESSIVE;
				CLANG_WARN_UNREACHABLE_CODE = YES;
				CLANG_WARN__DUPLICATE_METHOD_MATCH = YES;
				CODE_SIGN_IDENTITY = "iPhone Developer";
				COPY_PHASE_STRIP = NO;
				DEBUG_INFORMATION_FORMAT = "dwarf-with-dsym";
				ENABLE_NS_ASSERTIONS = NO;
				ENABLE_STRICT_OBJC_MSGSEND = YES;
				GCC_C_LANGUAGE_STANDARD = gnu11;
				GCC_NO_COMMON_BLOCKS = YES;
				GCC_WARN_64_TO_32_BIT_CONVERSION = YES;
				GCC_WARN_ABOUT_RETURN_TYPE = YES_ERROR;
				GCC_WARN_UNDECLARED_SELECTOR = YES;
				GCC_WARN_UNINITIALIZED_AUTOS = YES_AGGRESSIVE;
				GCC_WARN_UNUSED_FUNCTION = YES;
				GCC_WARN_UNUSED_VARIABLE = YES;
				IPHONEOS_DEPLOYMENT_TARGET = 11.3;
				MTL_ENABLE_DEBUG_INFO = NO;
				SDKROOT = iphoneos;
				SWIFT_COMPILATION_MODE = wholemodule;
				SWIFT_OPTIMIZATION_LEVEL = "-O";
				VALIDATE_PRODUCT = YES;
			};
			name = Release;
		};
		494DE39B20A2514D009A3D66 /* Debug */ = {
			isa = XCBuildConfiguration;
			buildSettings = {
				ASSETCATALOG_COMPILER_APPICON_NAME = AppIcon;
				CODE_SIGN_STYLE = Automatic;
				DEVELOPMENT_TEAM = YTYUD7N245;
				INFOPLIST_FILE = animationChallenges/Info.plist;
				LD_RUNPATH_SEARCH_PATHS = (
					"$(inherited)",
					"@executable_path/Frameworks",
				);
				PRODUCT_BUNDLE_IDENTIFIER = tsukudabuddha.animationChallenges;
				PRODUCT_NAME = "$(TARGET_NAME)";
				SWIFT_VERSION = 4.0;
				TARGETED_DEVICE_FAMILY = "1,2";
			};
			name = Debug;
		};
		494DE39C20A2514D009A3D66 /* Release */ = {
			isa = XCBuildConfiguration;
			buildSettings = {
				ASSETCATALOG_COMPILER_APPICON_NAME = AppIcon;
				CODE_SIGN_STYLE = Automatic;
				DEVELOPMENT_TEAM = YTYUD7N245;
				INFOPLIST_FILE = animationChallenges/Info.plist;
				LD_RUNPATH_SEARCH_PATHS = (
					"$(inherited)",
					"@executable_path/Frameworks",
				);
				PRODUCT_BUNDLE_IDENTIFIER = tsukudabuddha.animationChallenges;
				PRODUCT_NAME = "$(TARGET_NAME)";
				SWIFT_VERSION = 4.0;
				TARGETED_DEVICE_FAMILY = "1,2";
			};
			name = Release;
		};
/* End XCBuildConfiguration section */

/* Begin XCConfigurationList section */
		494DE38320A2514A009A3D66 /* Build configuration list for PBXProject "animationChallenges" */ = {
			isa = XCConfigurationList;
			buildConfigurations = (
				494DE39820A2514D009A3D66 /* Debug */,
				494DE39920A2514D009A3D66 /* Release */,
			);
			defaultConfigurationIsVisible = 0;
			defaultConfigurationName = Release;
		};
		494DE39A20A2514D009A3D66 /* Build configuration list for PBXNativeTarget "animationChallenges" */ = {
			isa = XCConfigurationList;
			buildConfigurations = (
				494DE39B20A2514D009A3D66 /* Debug */,
				494DE39C20A2514D009A3D66 /* Release */,
			);
			defaultConfigurationIsVisible = 0;
			defaultConfigurationName = Release;
		};
/* End XCConfigurationList section */
	};
	rootObject = 494DE38020A2514A009A3D66 /* Project object */;
}
